// !$*UTF8*$!
{
	archiveVersion = 1;
	classes = {
	};
	objectVersion = 56;
	objects = {

/* Begin PBXBuildFile section */
		386956382DDEE24B008CA057 /* AppDelegate.swift in Sources */ = {isa = PBXBuildFile; fileRef = 386956372DDEE24B008CA057 /* AppDelegate.swift */; };
		3869563A2DDEE24B008CA057 /* SceneDelegate.swift in Sources */ = {isa = PBXBuildFile; fileRef = 386956392DDEE24B008CA057 /* SceneDelegate.swift */; };
		3869563C2DDEE24B008CA057 /* ViewController.swift in Sources */ = {isa = PBXBuildFile; fileRef = 3869563B2DDEE24B008CA057 /* ViewController.swift */; };
		3869563F2DDEE24C008CA057 /* Base in Resources */ = {isa = PBXBuildFile; fileRef = 3869563E2DDEE24C008CA057 /* Base */; };
		386956422DDEE24C008CA057 /* IMusic.xcdatamodeld in Sources */ = {isa = PBXBuildFile; fileRef = 386956402DDEE24C008CA057 /* IMusic.xcdatamodeld */; };
		386956442DDEE24D008CA057 /* Assets.xcassets in Resources */ = {isa = PBXBuildFile; fileRef = 386956432DDEE24D008CA057 /* Assets.xcassets */; };
		386956472DDEE24D008CA057 /* Base in Resources */ = {isa = PBXBuildFile; fileRef = 386956462DDEE24D008CA057 /* Base */; };
		3869566C2DDF053D008CA057 /* MiniPlayerView.swift in Sources */ = {isa = PBXBuildFile; fileRef = 3869564E2DDF053D008CA057 /* MiniPlayerView.swift */; };
		3869566D2DDF053D008CA057 /* MusicItemCell.swift in Sources */ = {isa = PBXBuildFile; fileRef = 3869564F2DDF053D008CA057 /* MusicItemCell.swift */; };
		3869566E2DDF053D008CA057 /* PlaylistCell.swift in Sources */ = {isa = PBXBuildFile; fileRef = 386956502DDF053D008CA057 /* PlaylistCell.swift */; };
		3869566F2DDF053D008CA057 /* PlaylistHeaderView.swift in Sources */ = {isa = PBXBuildFile; fileRef = 386956512DDF053D008CA057 /* PlaylistHeaderView.swift */; };
		386956702DDF053D008CA057 /* SliderTableViewCell.swift in Sources */ = {isa = PBXBuildFile; fileRef = 386956522DDF053D008CA057 /* SliderTableViewCell.swift */; };
		386956712DDF053D008CA057 /* SwitchTableViewCell.swift in Sources */ = {isa = PBXBuildFile; fileRef = 386956532DDF053D008CA057 /* SwitchTableViewCell.swift */; };
		386956722DDF053D008CA057 /* LibraryViewController.swift in Sources */ = {isa = PBXBuildFile; fileRef = 386956552DDF053D008CA057 /* LibraryViewController.swift */; };
		386956732DDF053D008CA057 /* MainTabBarController.swift in Sources */ = {isa = PBXBuildFile; fileRef = 386956562DDF053D008CA057 /* MainTabBarController.swift */; };
		386956742DDF053D008CA057 /* MusicPickerViewController.swift in Sources */ = {isa = PBXBuildFile; fileRef = 386956572DDF053D008CA057 /* MusicPickerViewController.swift */; };
		386956752DDF053D008CA057 /* NowPlayingViewController.swift in Sources */ = {isa = PBXBuildFile; fileRef = 386956582DDF053D008CA057 /* NowPlayingViewController.swift */; };
		386956762DDF053D008CA057 /* PlaylistDetailViewController.swift in Sources */ = {isa = PBXBuildFile; fileRef = 386956592DDF053D008CA057 /* PlaylistDetailViewController.swift */; };
		386956772DDF053D008CA057 /* PlaylistsViewController.swift in Sources */ = {isa = PBXBuildFile; fileRef = 3869565A2DDF053D008CA057 /* PlaylistsViewController.swift */; };
		386956782DDF053D008CA057 /* QueueViewController.swift in Sources */ = {isa = PBXBuildFile; fileRef = 3869565B2DDF053D008CA057 /* QueueViewController.swift */; };
		386956792DDF053D008CA057 /* SearchViewController.swift in Sources */ = {isa = PBXBuildFile; fileRef = 3869565C2DDF053D008CA057 /* SearchViewController.swift */; };
		3869567A2DDF053D008CA057 /* SettingsViewController.swift in Sources */ = {isa = PBXBuildFile; fileRef = 3869565D2DDF053D008CA057 /* SettingsViewController.swift */; };
		3869567B2DDF053D008CA057 /* Extensions.swift in Sources */ = {isa = PBXBuildFile; fileRef = 3869565F2DDF053D008CA057 /* Extensions.swift */; };
		3869567C2DDF053D008CA057 /* FileManager+Extensions.swift in Sources */ = {isa = PBXBuildFile; fileRef = 386956602DDF053D008CA057 /* FileManager+Extensions.swift */; };
		3869567D2DDF053D008CA057 /* IMusic.xcdatamodeld in Sources */ = {isa = PBXBuildFile; fileRef = 386956622DDF053D008CA057 /* IMusic.xcdatamodeld */; };
		3869567E2DDF053D008CA057 /* MusicItem.swift in Sources */ = {isa = PBXBuildFile; fileRef = 386956642DDF053D008CA057 /* MusicItem.swift */; };
		3869567F2DDF053D008CA057 /* PlaylistItem.swift in Sources */ = {isa = PBXBuildFile; fileRef = 386956652DDF053D008CA057 /* PlaylistItem.swift */; };
		386956802DDF053D008CA057 /* UserSettings.swift in Sources */ = {isa = PBXBuildFile; fileRef = 386956662DDF053D008CA057 /* UserSettings.swift */; };
		386956812DDF053D008CA057 /* DataProvider.swift in Sources */ = {isa = PBXBuildFile; fileRef = 386956682DDF053D008CA057 /* DataProvider.swift */; };
		386956822DDF053D008CA057 /* MusicLibraryService.swift in Sources */ = {isa = PBXBuildFile; fileRef = 386956692DDF053D008CA057 /* MusicLibraryService.swift */; };
		386956832DDF053D008CA057 /* MusicPlayerService.swift in Sources */ = {isa = PBXBuildFile; fileRef = 3869566A2DDF053D008CA057 /* MusicPlayerService.swift */; };
		386956862DDF3B21008CA057 /* LoginViewController.swift in Sources */ = {isa = PBXBuildFile; fileRef = 386956842DDF3B21008CA057 /* LoginViewController.swift */; };
		386956872DDF3B21008CA057 /* AccountLoginViewController.swift in Sources */ = {isa = PBXBuildFile; fileRef = 386956852DDF3B21008CA057 /* AccountLoginViewController.swift */; };
		386956892DDF3CE7008CA057 /* HomeViewController.swift in Sources */ = {isa = PBXBuildFile; fileRef = 386956882DDF3CE7008CA057 /* HomeViewController.swift */; };
		3869568B2DDF3CEE008CA057 /* PlaylistCollectionViewCell.swift in Sources */ = {isa = PBXBuildFile; fileRef = 3869568A2DDF3CEE008CA057 /* PlaylistCollectionViewCell.swift */; };
		386956912DDF401E008CA057 /* 千千阙歌-陈慧娴.flac in Resources */ = {isa = PBXBuildFile; fileRef = 3869568D2DDF401D008CA057 /* 千千阙歌-陈慧娴.flac */; };
		386956922DDF401E008CA057 /* 御龙吟-姚贝娜.mp3 in Resources */ = {isa = PBXBuildFile; fileRef = 3869568E2DDF401D008CA057 /* 御龙吟-姚贝娜.mp3 */; };
		386956932DDF401E008CA057 /* Imagine Dragons–Natural.flac in Resources */ = {isa = PBXBuildFile; fileRef = 3869568F2DDF401E008CA057 /* Imagine Dragons–Natural.flac */; };
		386956942DDF401E008CA057 /* Happy Day–宇珩.flac in Resources */ = {isa = PBXBuildFile; fileRef = 386956902DDF401E008CA057 /* Happy Day–宇珩.flac */; };
		386956A02DDF458A008CA057 /* 远山少年-程奎.mp3 in Resources */ = {isa = PBXBuildFile; fileRef = 386956952DDF4585008CA057 /* 远山少年-程奎.mp3 */; };
		386956A22DDF458A008CA057 /* 人间烟火-程响.flac in Resources */ = {isa = PBXBuildFile; fileRef = 386956972DDF4586008CA057 /* 人间烟火-程响.flac */; };
		386956A32DDF458A008CA057 /* 青花瓷-周杰伦.flac in Resources */ = {isa = PBXBuildFile; fileRef = 386956982DDF4587008CA057 /* 青花瓷-周杰伦.flac */; };
		386956A42DDF458A008CA057 /* 美丽的神话-韩红孙楠.mp3 in Resources */ = {isa = PBXBuildFile; fileRef = 386956992DDF4587008CA057 /* 美丽的神话-韩红孙楠.mp3 */; };
		386956A52DDF458A008CA057 /* 四个女生-心愿.flac in Resources */ = {isa = PBXBuildFile; fileRef = 3869569A2DDF4588008CA057 /* 四个女生-心愿.flac */; };
		386956A62DDF458A008CA057 /* 天地龙鳞-王力宏.mp3 in Resources */ = {isa = PBXBuildFile; fileRef = 3869569B2DDF4588008CA057 /* 天地龙鳞-王力宏.mp3 */; };
		386956A72DDF458A008CA057 /* 十年-陈奕迅.flac in Resources */ = {isa = PBXBuildFile; fileRef = 3869569C2DDF4588008CA057 /* 十年-陈奕迅.flac */; };
		386956A92DDF458A008CA057 /* 春天里-汪峰.flac in Resources */ = {isa = PBXBuildFile; fileRef = 3869569E2DDF4589008CA057 /* 春天里-汪峰.flac */; };
		386956AA2DDF458A008CA057 /* 笑傲江湖曲-胡伟立.mp3 in Resources */ = {isa = PBXBuildFile; fileRef = 3869569F2DDF4589008CA057 /* 笑傲江湖曲-胡伟立.mp3 */; };
		386956AC2DDF46B0008CA057 /* DefaultPlaylistsManager.swift in Sources */ = {isa = PBXBuildFile; fileRef = 386956AB2DDF46B0008CA057 /* DefaultPlaylistsManager.swift */; };
		386956AF2DDF47B4008CA057 /* 平凡之路-朴树.mp3 in Resources */ = {isa = PBXBuildFile; fileRef = 386956AD2DDF47B4008CA057 /* 平凡之路-朴树.mp3 */; };
		386956B02DDF47B4008CA057 /* 野人-孟维来.flac in Resources */ = {isa = PBXBuildFile; fileRef = 386956AE2DDF47B4008CA057 /* 野人-孟维来.flac */; };
		386956DC2DE02CDA008CA057 /* A Sailor Went To Sea314.mp3 in Resources */ = {isa = PBXBuildFile; fileRef = 386956B22DE02CD3008CA057 /* A Sailor Went To Sea314.mp3 */; };
		386956DD2DE02CDA008CA057 /* The Bath Song508.mp3 in Resources */ = {isa = PBXBuildFile; fileRef = 386956B32DE02CD3008CA057 /* The Bath Song508.mp3 */; };
		386956DE2DE02CDA008CA057 /* How Many Fingers 381.mp3 in Resources */ = {isa = PBXBuildFile; fileRef = 386956B42DE02CD3008CA057 /* How Many Fingers 381.mp3 */; };
		386956DF2DE02CDA008CA057 /* Jingle Bells 729.mp3 in Resources */ = {isa = PBXBuildFile; fileRef = 386956B52DE02CD3008CA057 /* Jingle Bells 729.mp3 */; };
		386956E02DE02CDA008CA057 /* What Do You Want For Christmas590.mp3 in Resources */ = {isa = PBXBuildFile; fileRef = 386956B62DE02CD4008CA057 /* What Do You Want For Christmas590.mp3 */; };
		386956E12DE02CDA008CA057 /* Brush Your Teeth341.mp3 in Resources */ = {isa = PBXBuildFile; fileRef = 386956B72DE02CD4008CA057 /* Brush Your Teeth341.mp3 */; };
		386956E22DE02CDA008CA057 /* Hello Hello504.mp3 in Resources */ = {isa = PBXBuildFile; fileRef = 386956B82DE02CD4008CA057 /* Hello Hello504.mp3 */; };
		386956E32DE02CDA008CA057 /* Seven Steps 424.mp3 in Resources */ = {isa = PBXBuildFile; fileRef = 386956B92DE02CD5008CA057 /* Seven Steps 424.mp3 */; };
		386956E42DE02CDA008CA057 /* Walking Walking 420.mp3 in Resources */ = {isa = PBXBuildFile; fileRef = 386956BA2DE02CD5008CA057 /* Walking Walking 420.mp3 */; };
		386956E52DE02CDA008CA057 /* The Jellyfish.mp3 in Resources */ = {isa = PBXBuildFile; fileRef = 386956BB2DE02CD5008CA057 /* The Jellyfish.mp3 */; };
		386956E62DE02CDA008CA057 /* My Teddy Bear573.mp3 in Resources */ = {isa = PBXBuildFile; fileRef = 386956BC2DE02CD5008CA057 /* My Teddy Bear573.mp3 */; };
		386956E72DE02CDA008CA057 /* Little Robin Redbreast 354.mp3 in Resources */ = {isa = PBXBuildFile; fileRef = 386956BD2DE02CD5008CA057 /* Little Robin Redbreast 354.mp3 */; };
		386956E82DE02CDA008CA057 /* Here Is The Beehive142.mp3 in Resources */ = {isa = PBXBuildFile; fileRef = 386956BE2DE02CD5008CA057 /* Here Is The Beehive142.mp3 */; };
		386956E92DE02CDA008CA057 /* Goodbye My Friends 458.mp3 in Resources */ = {isa = PBXBuildFile; fileRef = 386956BF2DE02CD5008CA057 /* Goodbye My Friends 458.mp3 */; };
		386956EA2DE02CDA008CA057 /* Pat A Cake 264.mp3 in Resources */ = {isa = PBXBuildFile; fileRef = 386956C02DE02CD5008CA057 /* Pat A Cake 264.mp3 */; };
		386956EB2DE02CDA008CA057 /* Bye Bye Goodbye 449.mp3 in Resources */ = {isa = PBXBuildFile; fileRef = 386956C12DE02CD6008CA057 /* Bye Bye Goodbye 449.mp3 */; };
		386956EC2DE02CDA008CA057 /* Yes, I Can 566.mp3 in Resources */ = {isa = PBXBuildFile; fileRef = 386956C22DE02CD6008CA057 /* Yes, I Can 566.mp3 */; };
		386956ED2DE02CDA008CA057 /* Days Of The 413.mp3 in Resources */ = {isa = PBXBuildFile; fileRef = 386956C32DE02CD6008CA057 /* Days Of The 413.mp3 */; };
		386956EE2DE02CDA008CA057 /* Clean Up Song 455.mp3 in Resources */ = {isa = PBXBuildFile; fileRef = 386956C42DE02CD6008CA057 /* Clean Up Song 455.mp3 */; };
		386956EF2DE02CDA008CA057 /* Put On Your Shoes 629.mp3 in Resources */ = {isa = PBXBuildFile; fileRef = 386956C52DE02CD6008CA057 /* Put On Your Shoes 629.mp3 */; };
		386956F02DE02CDA008CA057 /* Who Took The Candy623.mp3 in Resources */ = {isa = PBXBuildFile; fileRef = 386956C62DE02CD7008CA057 /* Who Took The Candy623.mp3 */; };
		386956F12DE02CDA008CA057 /* Uh huh 453.mp3 in Resources */ = {isa = PBXBuildFile; fileRef = 386956C72DE02CD7008CA057 /* Uh huh 453.mp3 */; };
		386956F22DE02CDA008CA057 /* Are You Hungry.mp3 in Resources */ = {isa = PBXBuildFile; fileRef = 386956C82DE02CD7008CA057 /* Are You Hungry.mp3 */; };
		386956F32DE02CDA008CA057 /* Baby Shark369.mp3 in Resources */ = {isa = PBXBuildFile; fileRef = 386956C92DE02CD7008CA057 /* Baby Shark369.mp3 */; };
		386956F42DE02CDA008CA057 /* I See Something Pink682.mp3 in Resources */ = {isa = PBXBuildFile; fileRef = 386956CA2DE02CD7008CA057 /* I See Something Pink682.mp3 */; };
		386956F52DE02CDA008CA057 /* 10 Little Buses 203.mp3 in Resources */ = {isa = PBXBuildFile; fileRef = 386956CB2DE02CD7008CA057 /* 10 Little Buses 203.mp3 */; };
		386956F62DE02CDA008CA057 /* One Little Finger 700.mp3 in Resources */ = {isa = PBXBuildFile; fileRef = 386956CC2DE02CD7008CA057 /* One Little Finger 700.mp3 */; };
		386956F72DE02CDA008CA057 /* Down By The Bay208.mp3 in Resources */ = {isa = PBXBuildFile; fileRef = 386956CD2DE02CD8008CA057 /* Down By The Bay208.mp3 */; };
		386956F82DE02CDA008CA057 /* Say Cheese 499.mp3 in Resources */ = {isa = PBXBuildFile; fileRef = 386956CE2DE02CD8008CA057 /* Say Cheese 499.mp3 */; };
		386956F92DE02CDA008CA057 /* Hide And Seek402.mp3 in Resources */ = {isa = PBXBuildFile; fileRef = 386956CF2DE02CD8008CA057 /* Hide And Seek402.mp3 */; };
		386956FA2DE02CDA008CA057 /* The Wheels On The Bus46.mp3 in Resources */ = {isa = PBXBuildFile; fileRef = 386956D02DE02CD8008CA057 /* The Wheels On The Bus46.mp3 */; };
		386956FC2DE02CDA008CA057 /* BINGO 757.mp3 in Resources */ = {isa = PBXBuildFile; fileRef = 386956D22DE02CD8008CA057 /* BINGO 757.mp3 */; };
		386956FD2DE02CDA008CA057 /* Row Row Row Your Boat 764.mp3 in Resources */ = {isa = PBXBuildFile; fileRef = 386956D32DE02CD9008CA057 /* Row Row Row Your Boat 764.mp3 */; };
		386956FE2DE02CDA008CA057 /* Five Little Ducks 390.mp3 in Resources */ = {isa = PBXBuildFile; fileRef = 386956D42DE02CD9008CA057 /* Five Little Ducks 390.mp3 */; };
		386956FF2DE02CDA008CA057 /* Follow Me 233.mp3 in Resources */ = {isa = PBXBuildFile; fileRef = 386956D52DE02CD9008CA057 /* Follow Me 233.mp3 */; };
		386957002DE02CDA008CA057 /* Go Away 652.mp3 in Resources */ = {isa = PBXBuildFile; fileRef = 386956D62DE02CD9008CA057 /* Go Away 652.mp3 */; };
		386957012DE02CDA008CA057 /* I Like You325.mp3 in Resources */ = {isa = PBXBuildFile; fileRef = 386956D72DE02CD9008CA057 /* I Like You325.mp3 */; };
		386957022DE02CDA008CA057 /* Count Down 582.mp3 in Resources */ = {isa = PBXBuildFile; fileRef = 386956D82DE02CD9008CA057 /* Count Down 582.mp3 */; };
		386957032DE02CDA008CA057 /* Red Light Green Light 150.mp3 in Resources */ = {isa = PBXBuildFile; fileRef = 386956D92DE02CD9008CA057 /* Red Light Green Light 150.mp3 */; };
		386957042DE02CDA008CA057 /* This Is The Way 405.mp3 in Resources */ = {isa = PBXBuildFile; fileRef = 386956DA2DE02CDA008CA057 /* This Is The Way 405.mp3 */; };
		386957062DE082AE008CA057 /* GradientView.swift in Sources */ = {isa = PBXBuildFile; fileRef = 386957052DE082AE008CA057 /* GradientView.swift */; };
/* End PBXBuildFile section */

/* Begin PBXFileReference section */
		386956342DDEE24B008CA057 /* IMusic.app */ = {isa = PBXFileReference; explicitFileType = wrapper.application; includeInIndex = 0; path = IMusic.app; sourceTree = BUILT_PRODUCTS_DIR; };
		386956372DDEE24B008CA057 /* AppDelegate.swift */ = {isa = PBXFileReference; lastKnownFileType = sourcecode.swift; path = AppDelegate.swift; sourceTree = "<group>"; };
		386956392DDEE24B008CA057 /* SceneDelegate.swift */ = {isa = PBXFileReference; lastKnownFileType = sourcecode.swift; path = SceneDelegate.swift; sourceTree = "<group>"; };
		3869563B2DDEE24B008CA057 /* ViewController.swift */ = {isa = PBXFileReference; lastKnownFileType = sourcecode.swift; path = ViewController.swift; sourceTree = "<group>"; };
		3869563E2DDEE24C008CA057 /* Base */ = {isa = PBXFileReference; lastKnownFileType = file.storyboard; name = Base; path = Base.lproj/Main.storyboard; sourceTree = "<group>"; };
		386956412DDEE24C008CA057 /* IMusic.xcdatamodel */ = {isa = PBXFileReference; lastKnownFileType = wrapper.xcdatamodel; path = IMusic.xcdatamodel; sourceTree = "<group>"; };
		386956432DDEE24D008CA057 /* Assets.xcassets */ = {isa = PBXFileReference; lastKnownFileType = folder.assetcatalog; path = Assets.xcassets; sourceTree = "<group>"; };
		386956462DDEE24D008CA057 /* Base */ = {isa = PBXFileReference; lastKnownFileType = file.storyboard; name = Base; path = Base.lproj/LaunchScreen.storyboard; sourceTree = "<group>"; };
		386956482DDEE24D008CA057 /* Info.plist */ = {isa = PBXFileReference; lastKnownFileType = text.plist.xml; path = Info.plist; sourceTree = "<group>"; };
		3869564E2DDF053D008CA057 /* MiniPlayerView.swift */ = {isa = PBXFileReference; fileEncoding = 4; lastKnownFileType = sourcecode.swift; path = MiniPlayerView.swift; sourceTree = "<group>"; };
		3869564F2DDF053D008CA057 /* MusicItemCell.swift */ = {isa = PBXFileReference; fileEncoding = 4; lastKnownFileType = sourcecode.swift; path = MusicItemCell.swift; sourceTree = "<group>"; };
		386956502DDF053D008CA057 /* PlaylistCell.swift */ = {isa = PBXFileReference; fileEncoding = 4; lastKnownFileType = sourcecode.swift; path = PlaylistCell.swift; sourceTree = "<group>"; };
		386956512DDF053D008CA057 /* PlaylistHeaderView.swift */ = {isa = PBXFileReference; fileEncoding = 4; lastKnownFileType = sourcecode.swift; path = PlaylistHeaderView.swift; sourceTree = "<group>"; };
		386956522DDF053D008CA057 /* SliderTableViewCell.swift */ = {isa = PBXFileReference; fileEncoding = 4; lastKnownFileType = sourcecode.swift; path = SliderTableViewCell.swift; sourceTree = "<group>"; };
		386956532DDF053D008CA057 /* SwitchTableViewCell.swift */ = {isa = PBXFileReference; fileEncoding = 4; lastKnownFileType = sourcecode.swift; path = SwitchTableViewCell.swift; sourceTree = "<group>"; };
		386956552DDF053D008CA057 /* LibraryViewController.swift */ = {isa = PBXFileReference; fileEncoding = 4; lastKnownFileType = sourcecode.swift; path = LibraryViewController.swift; sourceTree = "<group>"; };
		386956562DDF053D008CA057 /* MainTabBarController.swift */ = {isa = PBXFileReference; fileEncoding = 4; lastKnownFileType = sourcecode.swift; path = MainTabBarController.swift; sourceTree = "<group>"; };
		386956572DDF053D008CA057 /* MusicPickerViewController.swift */ = {isa = PBXFileReference; fileEncoding = 4; lastKnownFileType = sourcecode.swift; path = MusicPickerViewController.swift; sourceTree = "<group>"; };
		386956582DDF053D008CA057 /* NowPlayingViewController.swift */ = {isa = PBXFileReference; fileEncoding = 4; lastKnownFileType = sourcecode.swift; path = NowPlayingViewController.swift; sourceTree = "<group>"; };
		386956592DDF053D008CA057 /* PlaylistDetailViewController.swift */ = {isa = PBXFileReference; fileEncoding = 4; lastKnownFileType = sourcecode.swift; path = PlaylistDetailViewController.swift; sourceTree = "<group>"; };
		3869565A2DDF053D008CA057 /* PlaylistsViewController.swift */ = {isa = PBXFileReference; fileEncoding = 4; lastKnownFileType = sourcecode.swift; path = PlaylistsViewController.swift; sourceTree = "<group>"; };
		3869565B2DDF053D008CA057 /* QueueViewController.swift */ = {isa = PBXFileReference; fileEncoding = 4; lastKnownFileType = sourcecode.swift; path = QueueViewController.swift; sourceTree = "<group>"; };
		3869565C2DDF053D008CA057 /* SearchViewController.swift */ = {isa = PBXFileReference; fileEncoding = 4; lastKnownFileType = sourcecode.swift; path = SearchViewController.swift; sourceTree = "<group>"; };
		3869565D2DDF053D008CA057 /* SettingsViewController.swift */ = {isa = PBXFileReference; fileEncoding = 4; lastKnownFileType = sourcecode.swift; path = SettingsViewController.swift; sourceTree = "<group>"; };
		3869565F2DDF053D008CA057 /* Extensions.swift */ = {isa = PBXFileReference; fileEncoding = 4; lastKnownFileType = sourcecode.swift; path = Extensions.swift; sourceTree = "<group>"; };
		386956602DDF053D008CA057 /* FileManager+Extensions.swift */ = {isa = PBXFileReference; fileEncoding = 4; lastKnownFileType = sourcecode.swift; path = "FileManager+Extensions.swift"; sourceTree = "<group>"; };
		386956632DDF053D008CA057 /* IMusic.xcdatamodel */ = {isa = PBXFileReference; lastKnownFileType = wrapper.xcdatamodel; path = IMusic.xcdatamodel; sourceTree = "<group>"; };
		386956642DDF053D008CA057 /* MusicItem.swift */ = {isa = PBXFileReference; fileEncoding = 4; lastKnownFileType = sourcecode.swift; path = MusicItem.swift; sourceTree = "<group>"; };
		386956652DDF053D008CA057 /* PlaylistItem.swift */ = {isa = PBXFileReference; fileEncoding = 4; lastKnownFileType = sourcecode.swift; path = PlaylistItem.swift; sourceTree = "<group>"; };
		386956662DDF053D008CA057 /* UserSettings.swift */ = {isa = PBXFileReference; fileEncoding = 4; lastKnownFileType = sourcecode.swift; path = UserSettings.swift; sourceTree = "<group>"; };
		386956682DDF053D008CA057 /* DataProvider.swift */ = {isa = PBXFileReference; fileEncoding = 4; lastKnownFileType = sourcecode.swift; path = DataProvider.swift; sourceTree = "<group>"; };
		386956692DDF053D008CA057 /* MusicLibraryService.swift */ = {isa = PBXFileReference; fileEncoding = 4; lastKnownFileType = sourcecode.swift; path = MusicLibraryService.swift; sourceTree = "<group>"; };
		3869566A2DDF053D008CA057 /* MusicPlayerService.swift */ = {isa = PBXFileReference; fileEncoding = 4; lastKnownFileType = sourcecode.swift; path = MusicPlayerService.swift; sourceTree = "<group>"; };
		386956842DDF3B21008CA057 /* LoginViewController.swift */ = {isa = PBXFileReference; fileEncoding = 4; lastKnownFileType = sourcecode.swift; path = LoginViewController.swift; sourceTree = "<group>"; };
		386956852DDF3B21008CA057 /* AccountLoginViewController.swift */ = {isa = PBXFileReference; fileEncoding = 4; lastKnownFileType = sourcecode.swift; path = AccountLoginViewController.swift; sourceTree = "<group>"; };
		386956882DDF3CE7008CA057 /* HomeViewController.swift */ = {isa = PBXFileReference; fileEncoding = 4; lastKnownFileType = sourcecode.swift; path = HomeViewController.swift; sourceTree = "<group>"; };
		3869568A2DDF3CEE008CA057 /* PlaylistCollectionViewCell.swift */ = {isa = PBXFileReference; fileEncoding = 4; lastKnownFileType = sourcecode.swift; path = PlaylistCollectionViewCell.swift; sourceTree = "<group>"; };
		3869568D2DDF401D008CA057 /* 千千阙歌-陈慧娴.flac */ = {isa = PBXFileReference; lastKnownFileType = file; path = "千千阙歌-陈慧娴.flac"; sourceTree = "<group>"; };
		3869568E2DDF401D008CA057 /* 御龙吟-姚贝娜.mp3 */ = {isa = PBXFileReference; lastKnownFileType = audio.mp3; path = "御龙吟-姚贝娜.mp3"; sourceTree = "<group>"; };
		3869568F2DDF401E008CA057 /* Imagine Dragons–Natural.flac */ = {isa = PBXFileReference; lastKnownFileType = file; path = "Imagine Dragons–Natural.flac"; sourceTree = "<group>"; };
		386956902DDF401E008CA057 /* Happy Day–宇珩.flac */ = {isa = PBXFileReference; lastKnownFileType = file; path = "Happy Day–宇珩.flac"; sourceTree = "<group>"; };
		386956952DDF4585008CA057 /* 远山少年-程奎.mp3 */ = {isa = PBXFileReference; lastKnownFileType = audio.mp3; path = "远山少年-程奎.mp3"; sourceTree = "<group>"; };
		386956972DDF4586008CA057 /* 人间烟火-程响.flac */ = {isa = PBXFileReference; lastKnownFileType = file; path = "人间烟火-程响.flac"; sourceTree = "<group>"; };
		386956982DDF4587008CA057 /* 青花瓷-周杰伦.flac */ = {isa = PBXFileReference; lastKnownFileType = file; path = "青花瓷-周杰伦.flac"; sourceTree = "<group>"; };
		386956992DDF4587008CA057 /* 美丽的神话-韩红孙楠.mp3 */ = {isa = PBXFileReference; lastKnownFileType = audio.mp3; path = "美丽的神话-韩红孙楠.mp3"; sourceTree = "<group>"; };
		3869569A2DDF4588008CA057 /* 四个女生-心愿.flac */ = {isa = PBXFileReference; lastKnownFileType = file; path = "四个女生-心愿.flac"; sourceTree = "<group>"; };
		3869569B2DDF4588008CA057 /* 天地龙鳞-王力宏.mp3 */ = {isa = PBXFileReference; lastKnownFileType = audio.mp3; path = "天地龙鳞-王力宏.mp3"; sourceTree = "<group>"; };
		3869569C2DDF4588008CA057 /* 十年-陈奕迅.flac */ = {isa = PBXFileReference; lastKnownFileType = file; path = "十年-陈奕迅.flac"; sourceTree = "<group>"; };
		3869569E2DDF4589008CA057 /* 春天里-汪峰.flac */ = {isa = PBXFileReference; lastKnownFileType = file; path = "春天里-汪峰.flac"; sourceTree = "<group>"; };
		3869569F2DDF4589008CA057 /* 笑傲江湖曲-胡伟立.mp3 */ = {isa = PBXFileReference; lastKnownFileType = audio.mp3; path = "笑傲江湖曲-胡伟立.mp3"; sourceTree = "<group>"; };
		386956AB2DDF46B0008CA057 /* DefaultPlaylistsManager.swift */ = {isa = PBXFileReference; fileEncoding = 4; lastKnownFileType = sourcecode.swift; path = DefaultPlaylistsManager.swift; sourceTree = "<group>"; };
		386956AD2DDF47B4008CA057 /* 平凡之路-朴树.mp3 */ = {isa = PBXFileReference; lastKnownFileType = audio.mp3; path = "平凡之路-朴树.mp3"; sourceTree = "<group>"; };
		386956AE2DDF47B4008CA057 /* 野人-孟维来.flac */ = {isa = PBXFileReference; lastKnownFileType = file; path = "野人-孟维来.flac"; sourceTree = "<group>"; };
		386956B22DE02CD3008CA057 /* A Sailor Went To Sea314.mp3 */ = {isa = PBXFileReference; lastKnownFileType = audio.mp3; path = "A Sailor Went To Sea314.mp3"; sourceTree = "<group>"; };
		386956B32DE02CD3008CA057 /* The Bath Song508.mp3 */ = {isa = PBXFileReference; lastKnownFileType = audio.mp3; path = "The Bath Song508.mp3"; sourceTree = "<group>"; };
		386956B42DE02CD3008CA057 /* How Many Fingers 381.mp3 */ = {isa = PBXFileReference; lastKnownFileType = audio.mp3; path = "How Many Fingers 381.mp3"; sourceTree = "<group>"; };
		386956B52DE02CD3008CA057 /* Jingle Bells 729.mp3 */ = {isa = PBXFileReference; lastKnownFileType = audio.mp3; path = "Jingle Bells 729.mp3"; sourceTree = "<group>"; };
		386956B62DE02CD4008CA057 /* What Do You Want For Christmas590.mp3 */ = {isa = PBXFileReference; lastKnownFileType = audio.mp3; path = "What Do You Want For Christmas590.mp3"; sourceTree = "<group>"; };
		386956B72DE02CD4008CA057 /* Brush Your Teeth341.mp3 */ = {isa = PBXFileReference; lastKnownFileType = audio.mp3; path = "Brush Your Teeth341.mp3"; sourceTree = "<group>"; };
		386956B82DE02CD4008CA057 /* Hello Hello504.mp3 */ = {isa = PBXFileReference; lastKnownFileType = audio.mp3; path = "Hello Hello504.mp3"; sourceTree = "<group>"; };
		386956B92DE02CD5008CA057 /* Seven Steps 424.mp3 */ = {isa = PBXFileReference; lastKnownFileType = audio.mp3; path = "Seven Steps 424.mp3"; sourceTree = "<group>"; };
		386956BA2DE02CD5008CA057 /* Walking Walking 420.mp3 */ = {isa = PBXFileReference; lastKnownFileType = audio.mp3; path = "Walking Walking 420.mp3"; sourceTree = "<group>"; };
		386956BB2DE02CD5008CA057 /* The Jellyfish.mp3 */ = {isa = PBXFileReference; lastKnownFileType = audio.mp3; path = "The Jellyfish.mp3"; sourceTree = "<group>"; };
		386956BC2DE02CD5008CA057 /* My Teddy Bear573.mp3 */ = {isa = PBXFileReference; lastKnownFileType = audio.mp3; path = "My Teddy Bear573.mp3"; sourceTree = "<group>"; };
		386956BD2DE02CD5008CA057 /* Little Robin Redbreast 354.mp3 */ = {isa = PBXFileReference; lastKnownFileType = audio.mp3; path = "Little Robin Redbreast 354.mp3"; sourceTree = "<group>"; };
		386956BE2DE02CD5008CA057 /* Here Is The Beehive142.mp3 */ = {isa = PBXFileReference; lastKnownFileType = audio.mp3; path = "Here Is The Beehive142.mp3"; sourceTree = "<group>"; };
		386956BF2DE02CD5008CA057 /* Goodbye My Friends 458.mp3 */ = {isa = PBXFileReference; lastKnownFileType = audio.mp3; path = "Goodbye My Friends 458.mp3"; sourceTree = "<group>"; };
		386956C02DE02CD5008CA057 /* Pat A Cake 264.mp3 */ = {isa = PBXFileReference; lastKnownFileType = audio.mp3; path = "Pat A Cake 264.mp3"; sourceTree = "<group>"; };
		386956C12DE02CD6008CA057 /* Bye Bye Goodbye 449.mp3 */ = {isa = PBXFileReference; lastKnownFileType = audio.mp3; path = "Bye Bye Goodbye 449.mp3"; sourceTree = "<group>"; };
		386956C22DE02CD6008CA057 /* Yes, I Can 566.mp3 */ = {isa = PBXFileReference; lastKnownFileType = audio.mp3; path = "Yes, I Can 566.mp3"; sourceTree = "<group>"; };
		386956C32DE02CD6008CA057 /* Days Of The 413.mp3 */ = {isa = PBXFileReference; lastKnownFileType = audio.mp3; path = "Days Of The 413.mp3"; sourceTree = "<group>"; };
		386956C42DE02CD6008CA057 /* Clean Up Song 455.mp3 */ = {isa = PBXFileReference; lastKnownFileType = audio.mp3; path = "Clean Up Song 455.mp3"; sourceTree = "<group>"; };
		386956C52DE02CD6008CA057 /* Put On Your Shoes 629.mp3 */ = {isa = PBXFileReference; lastKnownFileType = audio.mp3; path = "Put On Your Shoes 629.mp3"; sourceTree = "<group>"; };
		386956C62DE02CD7008CA057 /* Who Took The Candy623.mp3 */ = {isa = PBXFileReference; lastKnownFileType = audio.mp3; path = "Who Took The Candy623.mp3"; sourceTree = "<group>"; };
		386956C72DE02CD7008CA057 /* Uh huh 453.mp3 */ = {isa = PBXFileReference; lastKnownFileType = audio.mp3; path = "Uh huh 453.mp3"; sourceTree = "<group>"; };
		386956C82DE02CD7008CA057 /* Are You Hungry.mp3 */ = {isa = PBXFileReference; lastKnownFileType = audio.mp3; path = "Are You Hungry.mp3"; sourceTree = "<group>"; };
		386956C92DE02CD7008CA057 /* Baby Shark369.mp3 */ = {isa = PBXFileReference; lastKnownFileType = audio.mp3; path = "Baby Shark369.mp3"; sourceTree = "<group>"; };
		386956CA2DE02CD7008CA057 /* I See Something Pink682.mp3 */ = {isa = PBXFileReference; lastKnownFileType = audio.mp3; path = "I See Something Pink682.mp3"; sourceTree = "<group>"; };
		386956CB2DE02CD7008CA057 /* 10 Little Buses 203.mp3 */ = {isa = PBXFileReference; lastKnownFileType = audio.mp3; path = "10 Little Buses 203.mp3"; sourceTree = "<group>"; };
		386956CC2DE02CD7008CA057 /* One Little Finger 700.mp3 */ = {isa = PBXFileReference; lastKnownFileType = audio.mp3; path = "One Little Finger 700.mp3"; sourceTree = "<group>"; };
		386956CD2DE02CD8008CA057 /* Down By The Bay208.mp3 */ = {isa = PBXFileReference; lastKnownFileType = audio.mp3; path = "Down By The Bay208.mp3"; sourceTree = "<group>"; };
		386956CE2DE02CD8008CA057 /* Say Cheese 499.mp3 */ = {isa = PBXFileReference; lastKnownFileType = audio.mp3; path = "Say Cheese 499.mp3"; sourceTree = "<group>"; };
		386956CF2DE02CD8008CA057 /* Hide And Seek402.mp3 */ = {isa = PBXFileReference; lastKnownFileType = audio.mp3; path = "Hide And Seek402.mp3"; sourceTree = "<group>"; };
		386956D02DE02CD8008CA057 /* The Wheels On The Bus46.mp3 */ = {isa = PBXFileReference; lastKnownFileType = audio.mp3; path = "The Wheels On The Bus46.mp3"; sourceTree = "<group>"; };
		386956D22DE02CD8008CA057 /* BINGO 757.mp3 */ = {isa = PBXFileReference; lastKnownFileType = audio.mp3; path = "BINGO 757.mp3"; sourceTree = "<group>"; };
		386956D32DE02CD9008CA057 /* Row Row Row Your Boat 764.mp3 */ = {isa = PBXFileReference; lastKnownFileType = audio.mp3; path = "Row Row Row Your Boat 764.mp3"; sourceTree = "<group>"; };
		386956D42DE02CD9008CA057 /* Five Little Ducks 390.mp3 */ = {isa = PBXFileReference; lastKnownFileType = audio.mp3; path = "Five Little Ducks 390.mp3"; sourceTree = "<group>"; };
		386956D52DE02CD9008CA057 /* Follow Me 233.mp3 */ = {isa = PBXFileReference; lastKnownFileType = audio.mp3; path = "Follow Me 233.mp3"; sourceTree = "<group>"; };
		386956D62DE02CD9008CA057 /* Go Away 652.mp3 */ = {isa = PBXFileReference; lastKnownFileType = audio.mp3; path = "Go Away 652.mp3"; sourceTree = "<group>"; };
		386956D72DE02CD9008CA057 /* I Like You325.mp3 */ = {isa = PBXFileReference; lastKnownFileType = audio.mp3; path = "I Like You325.mp3"; sourceTree = "<group>"; };
		386956D82DE02CD9008CA057 /* Count Down 582.mp3 */ = {isa = PBXFileReference; lastKnownFileType = audio.mp3; path = "Count Down 582.mp3"; sourceTree = "<group>"; };
		386956D92DE02CD9008CA057 /* Red Light Green Light 150.mp3 */ = {isa = PBXFileReference; lastKnownFileType = audio.mp3; path = "Red Light Green Light 150.mp3"; sourceTree = "<group>"; };
		386956DA2DE02CDA008CA057 /* This Is The Way 405.mp3 */ = {isa = PBXFileReference; lastKnownFileType = audio.mp3; path = "This Is The Way 405.mp3"; sourceTree = "<group>"; };
		386957052DE082AE008CA057 /* GradientView.swift */ = {isa = PBXFileReference; fileEncoding = 4; lastKnownFileType = sourcecode.swift; path = GradientView.swift; sourceTree = "<group>"; };
/* End PBXFileReference section */

/* Begin PBXFrameworksBuildPhase section */
		386956312DDEE24B008CA057 /* Frameworks */ = {
			isa = PBXFrameworksBuildPhase;
			buildActionMask = 2147483647;
			files = (
			);
			runOnlyForDeploymentPostprocessing = 0;
		};
/* End PBXFrameworksBuildPhase section */

/* Begin PBXGroup section */
		3869562B2DDEE24B008CA057 = {
			isa = PBXGroup;
			children = (
				386956362DDEE24B008CA057 /* IMusic */,
				386956352DDEE24B008CA057 /* Products */,
			);
			sourceTree = "<group>";
		};
		386956352DDEE24B008CA057 /* Products */ = {
			isa = PBXGroup;
			children = (
				386956342DDEE24B008CA057 /* IMusic.app */,
			);
			name = Products;
			sourceTree = "<group>";
		};
		386956362DDEE24B008CA057 /* IMusic */ = {
			isa = PBXGroup;
			children = (
				386956372DDEE24B008CA057 /* AppDelegate.swift */,
				386956392DDEE24B008CA057 /* SceneDelegate.swift */,
				3869563B2DDEE24B008CA057 /* ViewController.swift */,
				3869565E2DDF053D008CA057 /* Controllers */,
				386956622DDF053D008CA057 /* IMusic.xcdatamodeld */,
				386956672DDF053D008CA057 /* Models */,
				3869566B2DDF053D008CA057 /* Services */,
				386956612DDF053D008CA057 /* Utils */,
				386956542DDF053D008CA057 /* Views */,
				3869568C2DDF4005008CA057 /* Resources */,
				3869563D2DDEE24C008CA057 /* Main.storyboard */,
				386956432DDEE24D008CA057 /* Assets.xcassets */,
				386956452DDEE24D008CA057 /* LaunchScreen.storyboard */,
				386956482DDEE24D008CA057 /* Info.plist */,
				386956402DDEE24C008CA057 /* IMusic.xcdatamodeld */,
			);
			path = IMusic;
			sourceTree = "<group>";
		};
		386956542DDF053D008CA057 /* Views */ = {
			isa = PBXGroup;
			children = (
				3869564E2DDF053D008CA057 /* MiniPlayerView.swift */,
				3869564F2DDF053D008CA057 /* MusicItemCell.swift */,
				386957052DE082AE008CA057 /* GradientView.swift */,
				3869568A2DDF3CEE008CA057 /* PlaylistCollectionViewCell.swift */,
				386956502DDF053D008CA057 /* PlaylistCell.swift */,
				386956512DDF053D008CA057 /* PlaylistHeaderView.swift */,
				386956522DDF053D008CA057 /* SliderTableViewCell.swift */,
				386956532DDF053D008CA057 /* SwitchTableViewCell.swift */,
			);
			path = Views;
			sourceTree = "<group>";
		};
		3869565E2DDF053D008CA057 /* Controllers */ = {
			isa = PBXGroup;
			children = (
				386956852DDF3B21008CA057 /* AccountLoginViewController.swift */,
				386956882DDF3CE7008CA057 /* HomeViewController.swift */,
				386956552DDF053D008CA057 /* LibraryViewController.swift */,
				386956842DDF3B21008CA057 /* LoginViewController.swift */,
				386956562DDF053D008CA057 /* MainTabBarController.swift */,
				386956572DDF053D008CA057 /* MusicPickerViewController.swift */,
				386956582DDF053D008CA057 /* NowPlayingViewController.swift */,
				386956592DDF053D008CA057 /* PlaylistDetailViewController.swift */,
				3869565A2DDF053D008CA057 /* PlaylistsViewController.swift */,
				3869565B2DDF053D008CA057 /* QueueViewController.swift */,
				3869565C2DDF053D008CA057 /* SearchViewController.swift */,
				3869565D2DDF053D008CA057 /* SettingsViewController.swift */,
			);
			path = Controllers;
			sourceTree = "<group>";
		};
		386956612DDF053D008CA057 /* Utils */ = {
			isa = PBXGroup;
			children = (
				3869565F2DDF053D008CA057 /* Extensions.swift */,
				386956602DDF053D008CA057 /* FileManager+Extensions.swift */,
			);
			path = Utils;
			sourceTree = "<group>";
		};
		386956672DDF053D008CA057 /* Models */ = {
			isa = PBXGroup;
			children = (
				386956642DDF053D008CA057 /* MusicItem.swift */,
				386956652DDF053D008CA057 /* PlaylistItem.swift */,
				386956662DDF053D008CA057 /* UserSettings.swift */,
			);
			path = Models;
			sourceTree = "<group>";
		};
		3869566B2DDF053D008CA057 /* Services */ = {
			isa = PBXGroup;
			children = (
				386956682DDF053D008CA057 /* DataProvider.swift */,
				386956AB2DDF46B0008CA057 /* DefaultPlaylistsManager.swift */,
				386956692DDF053D008CA057 /* MusicLibraryService.swift */,
				3869566A2DDF053D008CA057 /* MusicPlayerService.swift */,
			);
			path = Services;
			sourceTree = "<group>";
		};
		3869568C2DDF4005008CA057 /* Resources */ = {
			isa = PBXGroup;
			children = (
				3869568D2DDF401D008CA057 /* 千千阙歌-陈慧娴.flac */,
				3869568E2DDF401D008CA057 /* 御龙吟-姚贝娜.mp3 */,
				386956902DDF401E008CA057 /* Happy Day–宇珩.flac */,
				3869568F2DDF401E008CA057 /* Imagine Dragons–Natural.flac */,
				3869569C2DDF4588008CA057 /* 十年-陈奕迅.flac */,
				386956972DDF4586008CA057 /* 人间烟火-程响.flac */,
				386956992DDF4587008CA057 /* 美丽的神话-韩红孙楠.mp3 */,
				386956AD2DDF47B4008CA057 /* 平凡之路-朴树.mp3 */,
				386956AE2DDF47B4008CA057 /* 野人-孟维来.flac */,
				386956982DDF4587008CA057 /* 青花瓷-周杰伦.flac */,
				3869569A2DDF4588008CA057 /* 四个女生-心愿.flac */,
				3869569B2DDF4588008CA057 /* 天地龙鳞-王力宏.mp3 */,
				3869569E2DDF4589008CA057 /* 春天里-汪峰.flac */,
				3869569F2DDF4589008CA057 /* 笑傲江湖曲-胡伟立.mp3 */,
				386956952DDF4585008CA057 /* 远山少年-程奎.mp3 */,
				386956CB2DE02CD7008CA057 /* 10 Little Buses 203.mp3 */,
				386956B22DE02CD3008CA057 /* A Sailor Went To Sea314.mp3 */,
				386956C82DE02CD7008CA057 /* Are You Hungry.mp3 */,
				386956C92DE02CD7008CA057 /* Baby Shark369.mp3 */,
				386956D22DE02CD8008CA057 /* BINGO 757.mp3 */,
				386956B72DE02CD4008CA057 /* Brush Your Teeth341.mp3 */,
				386956C12DE02CD6008CA057 /* Bye Bye Goodbye 449.mp3 */,
				386956C42DE02CD6008CA057 /* Clean Up Song 455.mp3 */,
				386956D82DE02CD9008CA057 /* Count Down 582.mp3 */,
				386956C32DE02CD6008CA057 /* Days Of The 413.mp3 */,
				386956CD2DE02CD8008CA057 /* Down By The Bay208.mp3 */,
				386956D42DE02CD9008CA057 /* Five Little Ducks 390.mp3 */,
				386956D52DE02CD9008CA057 /* Follow Me 233.mp3 */,
				386956D62DE02CD9008CA057 /* Go Away 652.mp3 */,
				386956BF2DE02CD5008CA057 /* Goodbye My Friends 458.mp3 */,
				386956B82DE02CD4008CA057 /* Hello Hello504.mp3 */,
				386956BE2DE02CD5008CA057 /* Here Is The Beehive142.mp3 */,
				386956CF2DE02CD8008CA057 /* Hide And Seek402.mp3 */,
				386956B42DE02CD3008CA057 /* How Many Fingers 381.mp3 */,
				386956D72DE02CD9008CA057 /* I Like You325.mp3 */,
				386956CA2DE02CD7008CA057 /* I See Something Pink682.mp3 */,
				386956B52DE02CD3008CA057 /* Jingle Bells 729.mp3 */,
				386956BD2DE02CD5008CA057 /* Little Robin Redbreast 354.mp3 */,
				386956BC2DE02CD5008CA057 /* My Teddy Bear573.mp3 */,
				386956CC2DE02CD7008CA057 /* One Little Finger 700.mp3 */,
				386956C02DE02CD5008CA057 /* Pat A Cake 264.mp3 */,
				386956C52DE02CD6008CA057 /* Put On Your Shoes 629.mp3 */,
				386956D92DE02CD9008CA057 /* Red Light Green Light 150.mp3 */,
				386956D32DE02CD9008CA057 /* Row Row Row Your Boat 764.mp3 */,
				386956CE2DE02CD8008CA057 /* Say Cheese 499.mp3 */,
				386956B92DE02CD5008CA057 /* Seven Steps 424.mp3 */,
				386956B32DE02CD3008CA057 /* The Bath Song508.mp3 */,
				386956BB2DE02CD5008CA057 /* The Jellyfish.mp3 */,
				386956D02DE02CD8008CA057 /* The Wheels On The Bus46.mp3 */,
				386956DA2DE02CDA008CA057 /* This Is The Way 405.mp3 */,
				386956C72DE02CD7008CA057 /* Uh huh 453.mp3 */,
				386956BA2DE02CD5008CA057 /* Walking Walking 420.mp3 */,
				386956B62DE02CD4008CA057 /* What Do You Want For Christmas590.mp3 */,
				386956C62DE02CD7008CA057 /* Who Took The Candy623.mp3 */,
				386956C22DE02CD6008CA057 /* Yes, I Can 566.mp3 */,
			);
			path = Resources;
			sourceTree = "<group>";
		};
/* End PBXGroup section */

/* Begin PBXNativeTarget section */
		386956332DDEE24B008CA057 /* IMusic */ = {
			isa = PBXNativeTarget;
			buildConfigurationList = 3869564B2DDEE24D008CA057 /* Build configuration list for PBXNativeTarget "IMusic" */;
			buildPhases = (
				386956302DDEE24B008CA057 /* Sources */,
				386956312DDEE24B008CA057 /* Frameworks */,
				386956322DDEE24B008CA057 /* Resources */,
			);
			buildRules = (
			);
			dependencies = (
			);
			name = IMusic;
			productName = IMusic;
			productReference = 386956342DDEE24B008CA057 /* IMusic.app */;
			productType = "com.apple.product-type.application";
		};
/* End PBXNativeTarget section */

/* Begin PBXProject section */
		3869562C2DDEE24B008CA057 /* Project object */ = {
			isa = PBXProject;
			attributes = {
				BuildIndependentTargetsInParallel = 1;
				LastSwiftUpdateCheck = 1540;
				LastUpgradeCheck = 1540;
				TargetAttributes = {
					386956332DDEE24B008CA057 = {
						CreatedOnToolsVersion = 15.4;
					};
				};
			};
			buildConfigurationList = 3869562F2DDEE24B008CA057 /* Build configuration list for PBXProject "IMusic" */;
			compatibilityVersion = "Xcode 14.0";
			developmentRegion = en;
			hasScannedForEncodings = 0;
			knownRegions = (
				en,
				Base,
			);
			mainGroup = 3869562B2DDEE24B008CA057;
			productRefGroup = 386956352DDEE24B008CA057 /* Products */;
			projectDirPath = "";
			projectRoot = "";
			targets = (
				386956332DDEE24B008CA057 /* IMusic */,
			);
		};
/* End PBXProject section */

/* Begin PBXResourcesBuildPhase section */
		386956322DDEE24B008CA057 /* Resources */ = {
			isa = PBXResourcesBuildPhase;
			buildActionMask = 2147483647;
			files = (
				386956DD2DE02CDA008CA057 /* The Bath Song508.mp3 in Resources */,
				386956E62DE02CDA008CA057 /* My Teddy Bear573.mp3 in Resources */,
				386956AF2DDF47B4008CA057 /* 平凡之路-朴树.mp3 in Resources */,
				386956F12DE02CDA008CA057 /* Uh huh 453.mp3 in Resources */,
				386956A72DDF458A008CA057 /* 十年-陈奕迅.flac in Resources */,
				386956A62DDF458A008CA057 /* 天地龙鳞-王力宏.mp3 in Resources */,
				386956F52DE02CDA008CA057 /* 10 Little Buses 203.mp3 in Resources */,
				386956912DDF401E008CA057 /* 千千阙歌-陈慧娴.flac in Resources */,
				386956F42DE02CDA008CA057 /* I See Something Pink682.mp3 in Resources */,
				386956E52DE02CDA008CA057 /* The Jellyfish.mp3 in Resources */,
				386956A02DDF458A008CA057 /* 远山少年-程奎.mp3 in Resources */,
				386956E82DE02CDA008CA057 /* Here Is The Beehive142.mp3 in Resources */,
				386956E12DE02CDA008CA057 /* Brush Your Teeth341.mp3 in Resources */,
				386956E72DE02CDA008CA057 /* Little Robin Redbreast 354.mp3 in Resources */,
				386957012DE02CDA008CA057 /* I Like You325.mp3 in Resources */,
				386956A92DDF458A008CA057 /* 春天里-汪峰.flac in Resources */,
				386956DC2DE02CDA008CA057 /* A Sailor Went To Sea314.mp3 in Resources */,
				386956F02DE02CDA008CA057 /* Who Took The Candy623.mp3 in Resources */,
				386956FC2DE02CDA008CA057 /* BINGO 757.mp3 in Resources */,
				386957022DE02CDA008CA057 /* Count Down 582.mp3 in Resources */,
				386956F82DE02CDA008CA057 /* Say Cheese 499.mp3 in Resources */,
				386956A52DDF458A008CA057 /* 四个女生-心愿.flac in Resources */,
				386956F22DE02CDA008CA057 /* Are You Hungry.mp3 in Resources */,
				386956A32DDF458A008CA057 /* 青花瓷-周杰伦.flac in Resources */,
				386957032DE02CDA008CA057 /* Red Light Green Light 150.mp3 in Resources */,
				386956922DDF401E008CA057 /* 御龙吟-姚贝娜.mp3 in Resources */,
				386956E32DE02CDA008CA057 /* Seven Steps 424.mp3 in Resources */,
				386956942DDF401E008CA057 /* Happy Day–宇珩.flac in Resources */,
				386957002DE02CDA008CA057 /* Go Away 652.mp3 in Resources */,
				386956EF2DE02CDA008CA057 /* Put On Your Shoes 629.mp3 in Resources */,
				386956B02DDF47B4008CA057 /* 野人-孟维来.flac in Resources */,
				386956AA2DDF458A008CA057 /* 笑傲江湖曲-胡伟立.mp3 in Resources */,
				386956F32DE02CDA008CA057 /* Baby Shark369.mp3 in Resources */,
				386956E22DE02CDA008CA057 /* Hello Hello504.mp3 in Resources */,
				386956DE2DE02CDA008CA057 /* How Many Fingers 381.mp3 in Resources */,
				386956932DDF401E008CA057 /* Imagine Dragons–Natural.flac in Resources */,
				386956EC2DE02CDA008CA057 /* Yes, I Can 566.mp3 in Resources */,
				386956EE2DE02CDA008CA057 /* Clean Up Song 455.mp3 in Resources */,
				386956EB2DE02CDA008CA057 /* Bye Bye Goodbye 449.mp3 in Resources */,
				386956DF2DE02CDA008CA057 /* Jingle Bells 729.mp3 in Resources */,
				386956442DDEE24D008CA057 /* Assets.xcassets in Resources */,
				386956FA2DE02CDA008CA057 /* The Wheels On The Bus46.mp3 in Resources */,
				386956F62DE02CDA008CA057 /* One Little Finger 700.mp3 in Resources */,
				386957042DE02CDA008CA057 /* This Is The Way 405.mp3 in Resources */,
				386956E92DE02CDA008CA057 /* Goodbye My Friends 458.mp3 in Resources */,
				386956ED2DE02CDA008CA057 /* Days Of The 413.mp3 in Resources */,
				386956FD2DE02CDA008CA057 /* Row Row Row Your Boat 764.mp3 in Resources */,
				386956A22DDF458A008CA057 /* 人间烟火-程响.flac in Resources */,
				386956FE2DE02CDA008CA057 /* Five Little Ducks 390.mp3 in Resources */,
				386956FF2DE02CDA008CA057 /* Follow Me 233.mp3 in Resources */,
				386956E02DE02CDA008CA057 /* What Do You Want For Christmas590.mp3 in Resources */,
				386956472DDEE24D008CA057 /* Base in Resources */,
				386956EA2DE02CDA008CA057 /* Pat A Cake 264.mp3 in Resources */,
				386956F92DE02CDA008CA057 /* Hide And Seek402.mp3 in Resources */,
				386956F72DE02CDA008CA057 /* Down By The Bay208.mp3 in Resources */,
				386956E42DE02CDA008CA057 /* Walking Walking 420.mp3 in Resources */,
				3869563F2DDEE24C008CA057 /* Base in Resources */,
				386956A42DDF458A008CA057 /* 美丽的神话-韩红孙楠.mp3 in Resources */,
			);
			runOnlyForDeploymentPostprocessing = 0;
		};
/* End PBXResourcesBuildPhase section */

/* Begin PBXSourcesBuildPhase section */
		386956302DDEE24B008CA057 /* Sources */ = {
			isa = PBXSourcesBuildPhase;
			buildActionMask = 2147483647;
			files = (
				3869566D2DDF053D008CA057 /* MusicItemCell.swift in Sources */,
				3869567E2DDF053D008CA057 /* MusicItem.swift in Sources */,
				386956892DDF3CE7008CA057 /* HomeViewController.swift in Sources */,
				386956722DDF053D008CA057 /* LibraryViewController.swift in Sources */,
				386956732DDF053D008CA057 /* MainTabBarController.swift in Sources */,
				386956762DDF053D008CA057 /* PlaylistDetailViewController.swift in Sources */,
				386956862DDF3B21008CA057 /* LoginViewController.swift in Sources */,
				3869566F2DDF053D008CA057 /* PlaylistHeaderView.swift in Sources */,
				3869568B2DDF3CEE008CA057 /* PlaylistCollectionViewCell.swift in Sources */,
				3869567A2DDF053D008CA057 /* SettingsViewController.swift in Sources */,
				3869566E2DDF053D008CA057 /* PlaylistCell.swift in Sources */,
				3869563C2DDEE24B008CA057 /* ViewController.swift in Sources */,
				3869567C2DDF053D008CA057 /* FileManager+Extensions.swift in Sources */,
				386956702DDF053D008CA057 /* SliderTableViewCell.swift in Sources */,
				386956872DDF3B21008CA057 /* AccountLoginViewController.swift in Sources */,
				386956782DDF053D008CA057 /* QueueViewController.swift in Sources */,
				386956812DDF053D008CA057 /* DataProvider.swift in Sources */,
				3869567D2DDF053D008CA057 /* IMusic.xcdatamodeld in Sources */,
				386956832DDF053D008CA057 /* MusicPlayerService.swift in Sources */,
				386956422DDEE24C008CA057 /* IMusic.xcdatamodeld in Sources */,
				386956742DDF053D008CA057 /* MusicPickerViewController.swift in Sources */,
				386956822DDF053D008CA057 /* MusicLibraryService.swift in Sources */,
				386957062DE082AE008CA057 /* GradientView.swift in Sources */,
				386956382DDEE24B008CA057 /* AppDelegate.swift in Sources */,
				386956792DDF053D008CA057 /* SearchViewController.swift in Sources */,
				386956752DDF053D008CA057 /* NowPlayingViewController.swift in Sources */,
				3869567B2DDF053D008CA057 /* Extensions.swift in Sources */,
				386956772DDF053D008CA057 /* PlaylistsViewController.swift in Sources */,
				386956712DDF053D008CA057 /* SwitchTableViewCell.swift in Sources */,
				3869566C2DDF053D008CA057 /* MiniPlayerView.swift in Sources */,
				3869567F2DDF053D008CA057 /* PlaylistItem.swift in Sources */,
				386956AC2DDF46B0008CA057 /* DefaultPlaylistsManager.swift in Sources */,
				386956802DDF053D008CA057 /* UserSettings.swift in Sources */,
				3869563A2DDEE24B008CA057 /* SceneDelegate.swift in Sources */,
			);
			runOnlyForDeploymentPostprocessing = 0;
		};
/* End PBXSourcesBuildPhase section */

/* Begin PBXVariantGroup section */
		3869563D2DDEE24C008CA057 /* Main.storyboard */ = {
			isa = PBXVariantGroup;
			children = (
				3869563E2DDEE24C008CA057 /* Base */,
			);
			name = Main.storyboard;
			sourceTree = "<group>";
		};
		386956452DDEE24D008CA057 /* LaunchScreen.storyboard */ = {
			isa = PBXVariantGroup;
			children = (
				386956462DDEE24D008CA057 /* Base */,
			);
			name = LaunchScreen.storyboard;
			sourceTree = "<group>";
		};
/* End PBXVariantGroup section */

/* Begin XCBuildConfiguration section */
		386956492DDEE24D008CA057 /* Debug */ = {
			isa = XCBuildConfiguration;
			buildSettings = {
				ALWAYS_SEARCH_USER_PATHS = NO;
				ASSETCATALOG_COMPILER_GENERATE_SWIFT_ASSET_SYMBOL_EXTENSIONS = YES;
				CLANG_ANALYZER_NONNULL = YES;
				CLANG_ANALYZER_NUMBER_OBJECT_CONVERSION = YES_AGGRESSIVE;
				CLANG_CXX_LANGUAGE_STANDARD = "gnu++20";
				CLANG_ENABLE_MODULES = YES;
				CLANG_ENABLE_OBJC_ARC = YES;
				CLANG_ENABLE_OBJC_WEAK = YES;
				CLANG_WARN_BLOCK_CAPTURE_AUTORELEASING = YES;
				CLANG_WARN_BOOL_CONVERSION = YES;
				CLANG_WARN_COMMA = YES;
				CLANG_WARN_CONSTANT_CONVERSION = YES;
				CLANG_WARN_DEPRECATED_OBJC_IMPLEMENTATIONS = YES;
				CLANG_WARN_DIRECT_OBJC_ISA_USAGE = YES_ERROR;
				CLANG_WARN_DOCUMENTATION_COMMENTS = YES;
				CLANG_WARN_EMPTY_BODY = YES;
				CLANG_WARN_ENUM_CONVERSION = YES;
				CLANG_WARN_INFINITE_RECURSION = YES;
				CLANG_WARN_INT_CONVERSION = YES;
				CLANG_WARN_NON_LITERAL_NULL_CONVERSION = YES;
				CLANG_WARN_OBJC_IMPLICIT_RETAIN_SELF = YES;
				CLANG_WARN_OBJC_LITERAL_CONVERSION = YES;
				CLANG_WARN_OBJC_ROOT_CLASS = YES_ERROR;
				CLANG_WARN_QUOTED_INCLUDE_IN_FRAMEWORK_HEADER = YES;
				CLANG_WARN_RANGE_LOOP_ANALYSIS = YES;
				CLANG_WARN_STRICT_PROTOTYPES = YES;
				CLANG_WARN_SUSPICIOUS_MOVE = YES;
				CLANG_WARN_UNGUARDED_AVAILABILITY = YES_AGGRESSIVE;
				CLANG_WARN_UNREACHABLE_CODE = YES;
				CLANG_WARN__DUPLICATE_METHOD_MATCH = YES;
				COPY_PHASE_STRIP = NO;
				DEBUG_INFORMATION_FORMAT = dwarf;
				ENABLE_STRICT_OBJC_MSGSEND = YES;
				ENABLE_TESTABILITY = YES;
				ENABLE_USER_SCRIPT_SANDBOXING = YES;
				GCC_C_LANGUAGE_STANDARD = gnu17;
				GCC_DYNAMIC_NO_PIC = NO;
				GCC_NO_COMMON_BLOCKS = YES;
				GCC_OPTIMIZATION_LEVEL = 0;
				GCC_PREPROCESSOR_DEFINITIONS = (
					"DEBUG=1",
					"$(inherited)",
				);
				GCC_WARN_64_TO_32_BIT_CONVERSION = YES;
				GCC_WARN_ABOUT_RETURN_TYPE = YES_ERROR;
				GCC_WARN_UNDECLARED_SELECTOR = YES;
				GCC_WARN_UNINITIALIZED_AUTOS = YES_AGGRESSIVE;
				GCC_WARN_UNUSED_FUNCTION = YES;
				GCC_WARN_UNUSED_VARIABLE = YES;
				IPHONEOS_DEPLOYMENT_TARGET = 13.0;
				LOCALIZATION_PREFERS_STRING_CATALOGS = YES;
				MTL_ENABLE_DEBUG_INFO = INCLUDE_SOURCE;
				MTL_FAST_MATH = YES;
				ONLY_ACTIVE_ARCH = YES;
				SDKROOT = iphoneos;
				SWIFT_ACTIVE_COMPILATION_CONDITIONS = "DEBUG $(inherited)";
				SWIFT_OPTIMIZATION_LEVEL = "-Onone";
			};
			name = Debug;
		};
		3869564A2DDEE24D008CA057 /* Release */ = {
			isa = XCBuildConfiguration;
			buildSettings = {
				ALWAYS_SEARCH_USER_PATHS = NO;
				ASSETCATALOG_COMPILER_GENERATE_SWIFT_ASSET_SYMBOL_EXTENSIONS = YES;
				CLANG_ANALYZER_NONNULL = YES;
				CLANG_ANALYZER_NUMBER_OBJECT_CONVERSION = YES_AGGRESSIVE;
				CLANG_CXX_LANGUAGE_STANDARD = "gnu++20";
				CLANG_ENABLE_MODULES = YES;
				CLANG_ENABLE_OBJC_ARC = YES;
				CLANG_ENABLE_OBJC_WEAK = YES;
				CLANG_WARN_BLOCK_CAPTURE_AUTORELEASING = YES;
				CLANG_WARN_BOOL_CONVERSION = YES;
				CLANG_WARN_COMMA = YES;
				CLANG_WARN_CONSTANT_CONVERSION = YES;
				CLANG_WARN_DEPRECATED_OBJC_IMPLEMENTATIONS = YES;
				CLANG_WARN_DIRECT_OBJC_ISA_USAGE = YES_ERROR;
				CLANG_WARN_DOCUMENTATION_COMMENTS = YES;
				CLANG_WARN_EMPTY_BODY = YES;
				CLANG_WARN_ENUM_CONVERSION = YES;
				CLANG_WARN_INFINITE_RECURSION = YES;
				CLANG_WARN_INT_CONVERSION = YES;
				CLANG_WARN_NON_LITERAL_NULL_CONVERSION = YES;
				CLANG_WARN_OBJC_IMPLICIT_RETAIN_SELF = YES;
				CLANG_WARN_OBJC_LITERAL_CONVERSION = YES;
				CLANG_WARN_OBJC_ROOT_CLASS = YES_ERROR;
				CLANG_WARN_QUOTED_INCLUDE_IN_FRAMEWORK_HEADER = YES;
				CLANG_WARN_RANGE_LOOP_ANALYSIS = YES;
				CLANG_WARN_STRICT_PROTOTYPES = YES;
				CLANG_WARN_SUSPICIOUS_MOVE = YES;
				CLANG_WARN_UNGUARDED_AVAILABILITY = YES_AGGRESSIVE;
				CLANG_WARN_UNREACHABLE_CODE = YES;
				CLANG_WARN__DUPLICATE_METHOD_MATCH = YES;
				COPY_PHASE_STRIP = NO;
				DEBUG_INFORMATION_FORMAT = "dwarf-with-dsym";
				ENABLE_NS_ASSERTIONS = NO;
				ENABLE_STRICT_OBJC_MSGSEND = YES;
				ENABLE_USER_SCRIPT_SANDBOXING = YES;
				GCC_C_LANGUAGE_STANDARD = gnu17;
				GCC_NO_COMMON_BLOCKS = YES;
				GCC_WARN_64_TO_32_BIT_CONVERSION = YES;
				GCC_WARN_ABOUT_RETURN_TYPE = YES_ERROR;
				GCC_WARN_UNDECLARED_SELECTOR = YES;
				GCC_WARN_UNINITIALIZED_AUTOS = YES_AGGRESSIVE;
				GCC_WARN_UNUSED_FUNCTION = YES;
				GCC_WARN_UNUSED_VARIABLE = YES;
				IPHONEOS_DEPLOYMENT_TARGET = 13.0;
				LOCALIZATION_PREFERS_STRING_CATALOGS = YES;
				MTL_ENABLE_DEBUG_INFO = NO;
				MTL_FAST_MATH = YES;
				SDKROOT = iphoneos;
				SWIFT_COMPILATION_MODE = wholemodule;
				VALIDATE_PRODUCT = YES;
			};
			name = Release;
		};
		3869564C2DDEE24D008CA057 /* Debug */ = {
			isa = XCBuildConfiguration;
			buildSettings = {
				ASSETCATALOG_COMPILER_APPICON_NAME = AppIcon;
				ASSETCATALOG_COMPILER_GLOBAL_ACCENT_COLOR_NAME = AccentColor;
				CODE_SIGN_STYLE = Automatic;
				CURRENT_PROJECT_VERSION = 1;
				DEVELOPMENT_TEAM = KH4728P4N3;
				GENERATE_INFOPLIST_FILE = YES;
				INFOPLIST_FILE = IMusic/Info.plist;
				INFOPLIST_KEY_UIApplicationSupportsIndirectInputEvents = YES;
				INFOPLIST_KEY_UILaunchStoryboardName = LaunchScreen;
				INFOPLIST_KEY_UIMainStoryboardFile = Main;
				INFOPLIST_KEY_UISupportedInterfaceOrientations_iPad = "UIInterfaceOrientationPortrait UIInterfaceOrientationPortraitUpsideDown UIInterfaceOrientationLandscapeLeft UIInterfaceOrientationLandscapeRight";
				INFOPLIST_KEY_UISupportedInterfaceOrientations_iPhone = "UIInterfaceOrientationPortrait UIInterfaceOrientationLandscapeLeft UIInterfaceOrientationLandscapeRight";
				LD_RUNPATH_SEARCH_PATHS = (
					"$(inherited)",
					"@executable_path/Frameworks",
				);
				MARKETING_VERSION = 1.0;
				PRODUCT_BUNDLE_IDENTIFIER = com.WaterdropSophon.IMusic;
				PRODUCT_NAME = "$(TARGET_NAME)";
				SWIFT_EMIT_LOC_STRINGS = YES;
				SWIFT_VERSION = 5.0;
				TARGETED_DEVICE_FAMILY = "1,2";
			};
			name = Debug;
		};
		3869564D2DDEE24D008CA057 /* Release */ = {
			isa = XCBuildConfiguration;
			buildSettings = {
				ASSETCATALOG_COMPILER_APPICON_NAME = AppIcon;
				ASSETCATALOG_COMPILER_GLOBAL_ACCENT_COLOR_NAME = AccentColor;
				CODE_SIGN_STYLE = Automatic;
				CURRENT_PROJECT_VERSION = 1;
				DEVELOPMENT_TEAM = KH4728P4N3;
				GENERATE_INFOPLIST_FILE = YES;
				INFOPLIST_FILE = IMusic/Info.plist;
				INFOPLIST_KEY_UIApplicationSupportsIndirectInputEvents = YES;
				INFOPLIST_KEY_UILaunchStoryboardName = LaunchScreen;
				INFOPLIST_KEY_UIMainStoryboardFile = Main;
				INFOPLIST_KEY_UISupportedInterfaceOrientations_iPad = "UIInterfaceOrientationPortrait UIInterfaceOrientationPortraitUpsideDown UIInterfaceOrientationLandscapeLeft UIInterfaceOrientationLandscapeRight";
				INFOPLIST_KEY_UISupportedInterfaceOrientations_iPhone = "UIInterfaceOrientationPortrait UIInterfaceOrientationLandscapeLeft UIInterfaceOrientationLandscapeRight";
				LD_RUNPATH_SEARCH_PATHS = (
					"$(inherited)",
					"@executable_path/Frameworks",
				);
				MARKETING_VERSION = 1.0;
				PRODUCT_BUNDLE_IDENTIFIER = com.WaterdropSophon.IMusic;
				PRODUCT_NAME = "$(TARGET_NAME)";
				SWIFT_EMIT_LOC_STRINGS = YES;
				SWIFT_VERSION = 5.0;
				TARGETED_DEVICE_FAMILY = "1,2";
			};
			name = Release;
		};
/* End XCBuildConfiguration section */

/* Begin XCConfigurationList section */
		3869562F2DDEE24B008CA057 /* Build configuration list for PBXProject "IMusic" */ = {
			isa = XCConfigurationList;
			buildConfigurations = (
				386956492DDEE24D008CA057 /* Debug */,
				3869564A2DDEE24D008CA057 /* Release */,
			);
			defaultConfigurationIsVisible = 0;
			defaultConfigurationName = Release;
		};
		3869564B2DDEE24D008CA057 /* Build configuration list for PBXNativeTarget "IMusic" */ = {
			isa = XCConfigurationList;
			buildConfigurations = (
				3869564C2DDEE24D008CA057 /* Debug */,
				3869564D2DDEE24D008CA057 /* Release */,
			);
			defaultConfigurationIsVisible = 0;
			defaultConfigurationName = Release;
		};
/* End XCConfigurationList section */

/* Begin XCVersionGroup section */
		386956402DDEE24C008CA057 /* IMusic.xcdatamodeld */ = {
			isa = XCVersionGroup;
			children = (
				386956412DDEE24C008CA057 /* IMusic.xcdatamodel */,
			);
			currentVersion = 386956412DDEE24C008CA057 /* IMusic.xcdatamodel */;
			path = IMusic.xcdatamodeld;
			sourceTree = "<group>";
			versionGroupType = wrapper.xcdatamodel;
		};
		386956622DDF053D008CA057 /* IMusic.xcdatamodeld */ = {
			isa = XCVersionGroup;
			children = (
				386956632DDF053D008CA057 /* IMusic.xcdatamodel */,
			);
			currentVersion = 386956632DDF053D008CA057 /* IMusic.xcdatamodel */;
			name = IMusic.xcdatamodeld;
			path = /Users/jim/Projects/IMusic/IMusic/IMusic.xcdatamodeld;
			sourceTree = "<group>";
			versionGroupType = wrapper.xcdatamodel;
		};
/* End XCVersionGroup section */
	};
	rootObject = 3869562C2DDEE24B008CA057 /* Project object */;
}
